
Microsoft Visual Studio Solution File, Format Version 12.00
# Visual Studio Version 16
VisualStudioVersion = 16.0.31025.194
MinimumVisualStudioVersion = 10.0.40219.1
Project("{8BC9CEB8-8B4A-11D0-8D11-00A0C91BC942}") = "Lab_2", "Lab_2\Lab_2.vcxproj", "{B9C4CE4E-FA52-4D1E-9690-67E3EB981CE1}"
EndProject
Global
	GlobalSection(SolutionConfigurationPlatforms) = preSolution
		Debug|x64 = Debug|x64
		Debug|x86 = Debug|x86
		Release|x64 = Release|x64
		Release|x86 = Release|x86
	EndGlobalSection
	GlobalSection(ProjectConfigurationPlatforms) = postSolution
		{B9C4CE4E-FA52-4D1E-9690-67E3EB981CE1}.Debug|x64.ActiveCfg = Debug|x64
		{B9C4CE4E-FA52-4D1E-9690-67E3EB981CE1}.Debug|x64.Build.0 = Debug|x64
		{B9C4CE4E-FA52-4D1E-9690-67E3EB981CE1}.Debug|x86.ActiveCfg = Debug|Win32
		{B9C4CE4E-FA52-4D1E-9690-67E3EB981CE1}.Debug|x86.Build.0 = Debug|Win32
		{B9C4CE4E-FA52-4D1E-9690-67E3EB981CE1}.Release|x64.ActiveCfg = Release|x64
		{B9C4CE4E-FA52-4D1E-9690-67E3EB981CE1}.Release|x64.Build.0 = Release|x64
		{B9C4CE4E-FA52-4D1E-9690-67E3EB981CE1}.Release|x86.ActiveCfg = Release|Win32
		{B9C4CE4E-FA52-4D1E-9690-67E3EB981CE1}.Release|x86.Build.0 = Release|Win32
	EndGlobalSection
	GlobalSection(SolutionProperties) = preSolution
		HideSolutionNode = FALSE
	EndGlobalSection
	GlobalSection(ExtensibilityGlobals) = postSolution
		SolutionGuid = {11AABCB1-62DA-4349-9BF4-5F448B3F883D}
	EndGlobalSection
EndGlobal
